# THIS IS AN AUTOGENERATED FILE. DO NOT EDIT THIS FILE DIRECTLY.
# yarn lockfile v1


"@types/lodash@^4.14.126":
  version "4.14.144"
  resolved "https://registry.npmjs.org/@types/lodash/-/lodash-4.14.144.tgz#12e57fc99064bce45e5ab3c8bc4783feb75eab8e"
  integrity sha512-ogI4g9W5qIQQUhXAclq6zhqgqNUr7UlFaqDHbch7WLSLeeM/7d3CRaw7GLajxvyFvhJqw4Rpcz5bhoaYtIx6Tg==

"@types/mockjs@^1.0.2":
  version "1.0.2"
  resolved "https://registry.npmjs.org/@types/mockjs/-/mockjs-1.0.2.tgz#89887151c9b903028e9b569a28b4ad079d79943b"
  integrity sha512-9LJSOlMKDVYRuCoJJU31hf55F8GtdGZBxorpiAHRkcBZ8fukO70vMvWBTZUCNdd6f90c0oUgsOyDIiKwFFUHSA==

"@types/node@^10.12.10":
  version "10.14.22"
  resolved "https://registry.npmjs.org/@types/node/-/node-10.14.22.tgz#34bcdf6b6cb5fc0db33d24816ad9d3ece22feea4"
  integrity sha512-9taxKC944BqoTVjE+UT3pQH0nHZlTvITwfsOZqyc+R3sfJuxaTtxWjfn1K2UlxyPcKHf0rnaXcVFrS9F9vf0bw==

axios@^0.18.0:
  version "0.18.1"
  resolved "https://registry.npmjs.org/axios/-/axios-0.18.1.tgz#ff3f0de2e7b5d180e757ad98000f1081b87bcea3"
  integrity sha512-0BfJq4NSfQXd+SkFdrvFbG7addhYSBA2mQwISr46pD6E5iqkWg02RAs8vyTT/j0RTnoYmeXauBuSv1qKwR179g==
  dependencies:
    follow-redirects "1.5.10"
    is-buffer "^2.0.2"

commander@*:
  version "3.0.2"
  resolved "https://registry.npmjs.org/commander/-/commander-3.0.2.tgz#6837c3fb677ad9933d1cfba42dd14d5117d6b39e"
  integrity sha512-Gar0ASD4BDyKC4hl4DwHqDrmvjoxWKZigVnAbn5H1owvm4CxCPdb0HQDehwNYMJpla5+M2tPmPARzhtYuwpHow==

commander@^2.20.0:
  version "2.20.3"
  resolved "https://registry.npmjs.org/commander/-/commander-2.20.3.tgz#fd485e84c03eb4881c20722ba48035e8531aeb33"
  integrity sha512-GpVkmM8vF2vQUkj2LvZmD35JxeJOLCwJ9cUkugyk2nuhbv3+mJvpLYYt+0+USMxE+oj+ey/lJEnhZw75x/OMcQ==

debug@=3.1.0:
  version "3.1.0"
  resolved "https://registry.npmjs.org/debug/-/debug-3.1.0.tgz#5bb5a0672628b64149566ba16819e61518c67261"
  integrity sha512-OX8XqP7/1a9cqkxYw2yXss15f26NKWBpDXQd0/uK/KPqdQhxbPa994hnzjcE2VqQpDslf55723cKPUOGSmMY3g==
  dependencies:
    ms "2.0.0"

follow-redirects@1.5.10:
  version "1.5.10"
  resolved "https://registry.npmjs.org/follow-redirects/-/follow-redirects-1.5.10.tgz#7b7a9f9aea2fdff36786a94ff643ed07f4ff5e2a"
  integrity sha512-0V5l4Cizzvqt5D44aTXbFZz+FtyXV1vrDN6qrelxtfYQKW0KO0W2T/hkE8xvGa/540LkZlkaUjO4ailYTFtHVQ==
  dependencies:
    debug "=3.1.0"

is-buffer@^2.0.2:
  version "2.0.4"
  resolved "https://registry.npmjs.org/is-buffer/-/is-buffer-2.0.4.tgz#3e572f23c8411a5cfd9557c849e3665e0b290623"
  integrity sha512-Kq1rokWXOPXWuaMAqZiJW4XxsmD9zGx9q4aePabbn3qCRGedtH7Cm+zV8WETitMfu1wdh+Rvd6w5egwSngUX2A==

lodash@^4.17.11:
  version "4.17.15"
  resolved "https://registry.npmjs.org/lodash/-/lodash-4.17.15.tgz#b447f6670a0455bbfeedd11392eff330ea097548"
  integrity sha512-8xOcRHvCjnocdS5cpwXQXVzmmh5e5+saE2QGoeQmbKmRS6J3VQppPOIt0MnmE+4xlZoumy0GPG0D0MVIQbNA1A==

mockjs@^1.0.1-beta3:
  version "1.0.1-beta3"
  resolved "https://registry.npmjs.org/mockjs/-/mockjs-1.0.1-beta3.tgz#d234f3c27256397564f2c955142e891909537209"
  integrity sha1-0jTzwnJWOXVk8slVFC6JGQlTcgk=
  dependencies:
    commander "*"

ms@2.0.0:
  version "2.0.0"
  resolved "https://registry.npmjs.org/ms/-/ms-2.0.0.tgz#5608aeadfc00be6c2901df5f9861788de0d597c8"
  integrity sha1-VgiurfwAvmwpAd9fmGF4jeDVl8g=
