# THIS IS AN AUTOGENERATED FILE. DO NOT EDIT THIS FILE DIRECTLY.
# yarn lockfile v1


"@types/lodash@^4.14.126":
  version "4.14.144"
  resolved "https://registry.npmjs.org/@types/lodash/-/lodash-4.14.144.tgz#12e57fc99064bce45e5ab3c8bc4783feb75eab8e"
  integrity sha512-ogI4g9W5qIQQUhXAclq6zhqgqNUr7UlFaqDHbch7WLSLeeM/7d3CRaw7GLajxvyFvhJqw4Rpcz5bhoaYtIx6Tg==

"@types/mockjs@^1.0.2":
  version "1.0.2"
  resolved "https://registry.npmjs.org/@types/mockjs/-/mockjs-1.0.2.tgz#89887151c9b903028e9b569a28b4ad079d79943b"
  integrity sha512-9LJSOlMKDVYRuCoJJU31hf55F8GtdGZBxorpiAHRkcBZ8fukO70vMvWBTZUCNdd6f90c0oUgsOyDIiKwFFUHSA==

"@types/node@^10.12.10":
  version "10.14.22"
  resolved "https://registry.npmjs.org/@types/node/-/node-10.14.22.tgz#34bcdf6b6cb5fc0db33d24816ad9d3ece22feea4"
  integrity sha512-9taxKC944BqoTVjE+UT3pQH0nHZlTvITwfsOZqyc+R3sfJuxaTtxWjfn1K2UlxyPcKHf0rnaXcVFrS9F9vf0bw==

axios@^0.21.1:
  version "0.21.1"
  resolved "https://registry.yarnpkg.com/axios/-/axios-0.21.1.tgz#22563481962f4d6bde9a76d516ef0e5d3c09b2b8"
  integrity sha512-dKQiRHxGD9PPRIUNIWvZhPTPpl1rf/OxTYKsqKUDjBwYylTvV7SjSHJb9ratfyzM6wCdLCOYLzs73qpg5c4iGA==
  dependencies:
    follow-redirects "^1.10.0"

commander@*:
  version "3.0.2"
  resolved "https://registry.npmjs.org/commander/-/commander-3.0.2.tgz#6837c3fb677ad9933d1cfba42dd14d5117d6b39e"
  integrity sha512-Gar0ASD4BDyKC4hl4DwHqDrmvjoxWKZigVnAbn5H1owvm4CxCPdb0HQDehwNYMJpla5+M2tPmPARzhtYuwpHow==

commander@^2.20.0:
  version "2.20.3"
  resolved "https://registry.npmjs.org/commander/-/commander-2.20.3.tgz#fd485e84c03eb4881c20722ba48035e8531aeb33"
  integrity sha512-GpVkmM8vF2vQUkj2LvZmD35JxeJOLCwJ9cUkugyk2nuhbv3+mJvpLYYt+0+USMxE+oj+ey/lJEnhZw75x/OMcQ==

follow-redirects@^1.10.0:
  version "1.13.1"
  resolved "https://registry.yarnpkg.com/follow-redirects/-/follow-redirects-1.13.1.tgz#5f69b813376cee4fd0474a3aba835df04ab763b7"
  integrity sha512-SSG5xmZh1mkPGyKzjZP8zLjltIfpW32Y5QpdNJyjcfGxK3qo3NDDkZOZSFiGn1A6SclQxY9GzEwAHQ3dmYRWpg==

lodash@^4.17.11:
  version "4.17.15"
  resolved "https://registry.npmjs.org/lodash/-/lodash-4.17.15.tgz#b447f6670a0455bbfeedd11392eff330ea097548"
  integrity sha512-8xOcRHvCjnocdS5cpwXQXVzmmh5e5+saE2QGoeQmbKmRS6J3VQppPOIt0MnmE+4xlZoumy0GPG0D0MVIQbNA1A==

mockjs@^1.0.1-beta3:
  version "1.0.1-beta3"
  resolved "https://registry.npmjs.org/mockjs/-/mockjs-1.0.1-beta3.tgz#d234f3c27256397564f2c955142e891909537209"
  integrity sha1-0jTzwnJWOXVk8slVFC6JGQlTcgk=
  dependencies:
    commander "*"
